
Microsoft Visual Studio Solution File, Format Version 12.00
# Visual Studio Version 16
VisualStudioVersion = 16.0.29806.167
MinimumVisualStudioVersion = 10.0.40219.1
Project("{9A19103F-16F7-4668-BE54-9A1E7A4F7556}") = "FolkerKinzel.Contacts.IO", "FolkerKinzel.Contacts.IO\FolkerKinzel.Contacts.IO.csproj", "{651DB5FD-9957-43CB-86C6-1F27170F775B}"
EndProject
Project("{9A19103F-16F7-4668-BE54-9A1E7A4F7556}") = "FolkerKinzel.Contacts.IO.Tests", "FolkerKinzel.Contacts.IO.Tests\FolkerKinzel.Contacts.IO.Tests.csproj", "{00CD68E6-48F4-4A80-9547-65E3F60A2E20}"
EndProject
Project("{2150E333-8FDC-42A3-9474-1A3956D46DE8}") = "Solution Items", "Solution Items", "{F901128A-1657-4ABD-BE50-A9F0DA3E2A5F}"
	ProjectSection(SolutionItems) = preProject
		.editorconfig = .editorconfig
		README.md = README.md
	EndProjectSection
EndProject
Project("{9A19103F-16F7-4668-BE54-9A1E7A4F7556}") = "Examples", "Examples\Examples.csproj", "{0FFF2EE7-982A-4C84-9375-AEFC0898A2AC}"
EndProject
Project("{7CF6DF6D-3B04-46F8-A40B-537D21BCA0B4}") = "FolkerKinzel.Contacts.IO.Doku.de", "FolkerKinzel.Contacts.IO.Doku.de\FolkerKinzel.Contacts.IO.Doku.de.shfbproj", "{440657BD-3C89-4063-81E2-834CFF918AED}"
	ProjectSection(ProjectDependencies) = postProject
		{651DB5FD-9957-43CB-86C6-1F27170F775B} = {651DB5FD-9957-43CB-86C6-1F27170F775B}
	EndProjectSection
EndProject
Project("{7CF6DF6D-3B04-46F8-A40B-537D21BCA0B4}") = "FolkerKinzel.Contacts.IO.Reference.en", "FolkerKinzel.Contacts.IO.Reference.en\FolkerKinzel.Contacts.IO.Reference.en.shfbproj", "{7C3489B0-06E6-4198-9ED4-CC92A531F36B}"
	ProjectSection(ProjectDependencies) = postProject
		{651DB5FD-9957-43CB-86C6-1F27170F775B} = {651DB5FD-9957-43CB-86C6-1F27170F775B}
	EndProjectSection
EndProject
Global
	GlobalSection(SolutionConfigurationPlatforms) = preSolution
		Debug|Any CPU = Debug|Any CPU
		Release|Any CPU = Release|Any CPU
	EndGlobalSection
	GlobalSection(ProjectConfigurationPlatforms) = postSolution
		{651DB5FD-9957-43CB-86C6-1F27170F775B}.Debug|Any CPU.ActiveCfg = Debug|Any CPU
		{651DB5FD-9957-43CB-86C6-1F27170F775B}.Debug|Any CPU.Build.0 = Debug|Any CPU
		{651DB5FD-9957-43CB-86C6-1F27170F775B}.Release|Any CPU.ActiveCfg = Release|Any CPU
		{651DB5FD-9957-43CB-86C6-1F27170F775B}.Release|Any CPU.Build.0 = Release|Any CPU
		{00CD68E6-48F4-4A80-9547-65E3F60A2E20}.Debug|Any CPU.ActiveCfg = Debug|Any CPU
		{00CD68E6-48F4-4A80-9547-65E3F60A2E20}.Debug|Any CPU.Build.0 = Debug|Any CPU
		{00CD68E6-48F4-4A80-9547-65E3F60A2E20}.Release|Any CPU.ActiveCfg = Release|Any CPU
		{00CD68E6-48F4-4A80-9547-65E3F60A2E20}.Release|Any CPU.Build.0 = Release|Any CPU
		{0FFF2EE7-982A-4C84-9375-AEFC0898A2AC}.Debug|Any CPU.ActiveCfg = Debug|Any CPU
		{0FFF2EE7-982A-4C84-9375-AEFC0898A2AC}.Debug|Any CPU.Build.0 = Debug|Any CPU
		{0FFF2EE7-982A-4C84-9375-AEFC0898A2AC}.Release|Any CPU.ActiveCfg = Release|Any CPU
		{0FFF2EE7-982A-4C84-9375-AEFC0898A2AC}.Release|Any CPU.Build.0 = Release|Any CPU
		{440657BD-3C89-4063-81E2-834CFF918AED}.Debug|Any CPU.ActiveCfg = Debug|Any CPU
		{440657BD-3C89-4063-81E2-834CFF918AED}.Release|Any CPU.ActiveCfg = Release|Any CPU
		{7C3489B0-06E6-4198-9ED4-CC92A531F36B}.Debug|Any CPU.ActiveCfg = Debug|Any CPU
		{7C3489B0-06E6-4198-9ED4-CC92A531F36B}.Release|Any CPU.ActiveCfg = Release|Any CPU
	EndGlobalSection
	GlobalSection(SolutionProperties) = preSolution
		HideSolutionNode = FALSE
	EndGlobalSection
	GlobalSection(ExtensibilityGlobals) = postSolution
		SolutionGuid = {8F23315B-7B2B-4DDE-9404-3FE8C78ECAC9}
	EndGlobalSection
EndGlobal
